// !$*UTF8*$!
{
	archiveVersion = 1;
	classes = {
	};
	objectVersion = 77;
	objects = {

/* Begin PBXBuildFile section */
		5724A4492D64E87F0012A6F2 /* FirebaseAuth in Frameworks */ = {isa = PBXBuildFile; productRef = 5724A4482D64E87F0012A6F2 /* FirebaseAuth */; };
		5724A44B2D64E87F0012A6F2 /* FirebaseAuthCombine-Community in Frameworks */ = {isa = PBXBuildFile; productRef = 5724A44A2D64E87F0012A6F2 /* FirebaseAuthCombine-Community */; };
		5724A44D2D64E87F0012A6F2 /* FirebaseCore in Frameworks */ = {isa = PBXBuildFile; productRef = 5724A44C2D64E87F0012A6F2 /* FirebaseCore */; };
		5724A44F2D64E87F0012A6F2 /* FirebaseFirestore in Frameworks */ = {isa = PBXBuildFile; productRef = 5724A44E2D64E87F0012A6F2 /* FirebaseFirestore */; };
		5724A4512D64E87F0012A6F2 /* FirebaseStorage in Frameworks */ = {isa = PBXBuildFile; productRef = 5724A4502D64E87F0012A6F2 /* FirebaseStorage */; };
		5B27A50C2D5AB30600327B51 /* WatchConnectivity.framework in Frameworks */ = {isa = PBXBuildFile; fileRef = 5B27A50B2D5AB30600327B51 /* WatchConnectivity.framework */; };
		5BA7436D2D98D27900055877 /* KeepsakeWatchOS Watch App.app in Embed Watch Content */ = {isa = PBXBuildFile; fileRef = 5BA7434A2D98D27700055877 /* KeepsakeWatchOS Watch App.app */; settings = {ATTRIBUTES = (RemoveHeadersOnCopy, ); }; };
		F71261692D5405C000F65745 /* ChatGPTSwift in Frameworks */ = {isa = PBXBuildFile; productRef = F71261682D5405C000F65745 /* ChatGPTSwift */; };
		F731D16D2D80AAD900356CCE /* FirebaseFunctions in Frameworks */ = {isa = PBXBuildFile; productRef = F731D16C2D80AAD900356CCE /* FirebaseFunctions */; };
/* End PBXBuildFile section */

/* Begin PBXContainerItemProxy section */
		5BA7435A2D98D27900055877 /* PBXContainerItemProxy */ = {
			isa = PBXContainerItemProxy;
			containerPortal = F751BD1D2D50049D00EDB703 /* Project object */;
			proxyType = 1;
			remoteGlobalIDString = 5BA743492D98D27700055877;
			remoteInfo = "KeepsakeWatchOS Watch App";
		};
		5BA743642D98D27900055877 /* PBXContainerItemProxy */ = {
			isa = PBXContainerItemProxy;
			containerPortal = F751BD1D2D50049D00EDB703 /* Project object */;
			proxyType = 1;
			remoteGlobalIDString = 5BA743492D98D27700055877;
			remoteInfo = "KeepsakeWatchOS Watch App";
		};
		5BA7436B2D98D27900055877 /* PBXContainerItemProxy */ = {
			isa = PBXContainerItemProxy;
			containerPortal = F751BD1D2D50049D00EDB703 /* Project object */;
			proxyType = 1;
			remoteGlobalIDString = 5BA743492D98D27700055877;
			remoteInfo = "KeepsakeWatchOS Watch App";
		};
		F751BD362D50049F00EDB703 /* PBXContainerItemProxy */ = {
			isa = PBXContainerItemProxy;
			containerPortal = F751BD1D2D50049D00EDB703 /* Project object */;
			proxyType = 1;
			remoteGlobalIDString = F751BD242D50049D00EDB703;
			remoteInfo = Keepsake;
		};
		F751BD402D50049F00EDB703 /* PBXContainerItemProxy */ = {
			isa = PBXContainerItemProxy;
			containerPortal = F751BD1D2D50049D00EDB703 /* Project object */;
			proxyType = 1;
			remoteGlobalIDString = F751BD242D50049D00EDB703;
			remoteInfo = Keepsake;
		};
/* End PBXContainerItemProxy section */

/* Begin PBXCopyFilesBuildPhase section */
		5B27A5382D5AB33500327B51 /* Embed Watch Content */ = {
			isa = PBXCopyFilesBuildPhase;
			buildActionMask = 2147483647;
			dstPath = "$(CONTENTS_FOLDER_PATH)/Watch";
			dstSubfolderSpec = 16;
			files = (
				5BA7436D2D98D27900055877 /* KeepsakeWatchOS Watch App.app in Embed Watch Content */,
			);
			name = "Embed Watch Content";
			runOnlyForDeploymentPostprocessing = 0;
		};
/* End PBXCopyFilesBuildPhase section */

/* Begin PBXFileReference section */
		5B27A50B2D5AB30600327B51 /* WatchConnectivity.framework */ = {isa = PBXFileReference; lastKnownFileType = wrapper.framework; name = WatchConnectivity.framework; path = System/Library/Frameworks/WatchConnectivity.framework; sourceTree = SDKROOT; };
		5BA7434A2D98D27700055877 /* KeepsakeWatchOS Watch App.app */ = {isa = PBXFileReference; explicitFileType = wrapper.application; includeInIndex = 0; path = "KeepsakeWatchOS Watch App.app"; sourceTree = BUILT_PRODUCTS_DIR; };
		5BA743592D98D27900055877 /* KeepsakeWatchOS Watch AppTests.xctest */ = {isa = PBXFileReference; explicitFileType = wrapper.cfbundle; includeInIndex = 0; path = "KeepsakeWatchOS Watch AppTests.xctest"; sourceTree = BUILT_PRODUCTS_DIR; };
		5BA743632D98D27900055877 /* KeepsakeWatchOS Watch AppUITests.xctest */ = {isa = PBXFileReference; explicitFileType = wrapper.cfbundle; includeInIndex = 0; path = "KeepsakeWatchOS Watch AppUITests.xctest"; sourceTree = BUILT_PRODUCTS_DIR; };
		F751BD252D50049D00EDB703 /* Keepsake.app */ = {isa = PBXFileReference; explicitFileType = wrapper.application; includeInIndex = 0; path = Keepsake.app; sourceTree = BUILT_PRODUCTS_DIR; };
		F751BD352D50049F00EDB703 /* KeepsakeTests.xctest */ = {isa = PBXFileReference; explicitFileType = wrapper.cfbundle; includeInIndex = 0; path = KeepsakeTests.xctest; sourceTree = BUILT_PRODUCTS_DIR; };
		F751BD3F2D50049F00EDB703 /* KeepsakeUITests.xctest */ = {isa = PBXFileReference; explicitFileType = wrapper.cfbundle; includeInIndex = 0; path = KeepsakeUITests.xctest; sourceTree = BUILT_PRODUCTS_DIR; };
/* End PBXFileReference section */

/* Begin PBXFileSystemSynchronizedBuildFileExceptionSet section */
		5B71E5892D9996FA0010D9E1 /* Exceptions for "KeepsakeWatchOS Watch App" folder in "Keepsake" target */ = {
			isa = PBXFileSystemSynchronizedBuildFileExceptionSet;
			membershipExceptions = (
				AudioFiles.swift,
				Connectivity.swift,
				Reminder.swift,
				ReminderViewModel.swift,
				TextReminder.swift,
			);
			target = F751BD242D50049D00EDB703 /* Keepsake */;
		};
		5BA743802D98D39500055877 /* Exceptions for "KeepsakeWatchOS Watch App" folder in "KeepsakeWatchOS Watch App" target */ = {
			isa = PBXFileSystemSynchronizedBuildFileExceptionSet;
			membershipExceptions = (
				ContentView.swift,
				KeepsakeWatchOSApp.swift,
			);
			target = 5BA743492D98D27700055877 /* KeepsakeWatchOS Watch App */;
		};
		BD8C10A82D6516720095F73B /* Exceptions for "Keepsake" folder in "Keepsake" target */ = {
			isa = PBXFileSystemSynchronizedBuildFileExceptionSet;
			membershipExceptions = (
				Info.plist,
			);
			target = F751BD242D50049D00EDB703 /* Keepsake */;
		};
/* End PBXFileSystemSynchronizedBuildFileExceptionSet section */

/* Begin PBXFileSystemSynchronizedRootGroup section */
		5BA7434B2D98D27700055877 /* KeepsakeWatchOS Watch App */ = {
			isa = PBXFileSystemSynchronizedRootGroup;
			exceptions = (
				5B71E5892D9996FA0010D9E1 /* Exceptions for "KeepsakeWatchOS Watch App" folder in "Keepsake" target */,
				5BA743802D98D39500055877 /* Exceptions for "KeepsakeWatchOS Watch App" folder in "KeepsakeWatchOS Watch App" target */,
			);
			path = "KeepsakeWatchOS Watch App";
			sourceTree = "<group>";
		};
		5BA7435C2D98D27900055877 /* KeepsakeWatchOS Watch AppTests */ = {
			isa = PBXFileSystemSynchronizedRootGroup;
			path = "KeepsakeWatchOS Watch AppTests";
			sourceTree = "<group>";
		};
		5BA743662D98D27900055877 /* KeepsakeWatchOS Watch AppUITests */ = {
			isa = PBXFileSystemSynchronizedRootGroup;
			path = "KeepsakeWatchOS Watch AppUITests";
			sourceTree = "<group>";
		};
		F751BD272D50049D00EDB703 /* Keepsake */ = {
			isa = PBXFileSystemSynchronizedRootGroup;
			exceptions = (
				BD8C10A82D6516720095F73B /* Exceptions for "Keepsake" folder in "Keepsake" target */,
			);
			path = Keepsake;
			sourceTree = "<group>";
		};
		F751BD382D50049F00EDB703 /* KeepsakeTests */ = {
			isa = PBXFileSystemSynchronizedRootGroup;
			path = KeepsakeTests;
			sourceTree = "<group>";
		};
		F751BD422D50049F00EDB703 /* KeepsakeUITests */ = {
			isa = PBXFileSystemSynchronizedRootGroup;
			path = KeepsakeUITests;
			sourceTree = "<group>";
		};
/* End PBXFileSystemSynchronizedRootGroup section */

/* Begin PBXFrameworksBuildPhase section */
		5BA743472D98D27700055877 /* Frameworks */ = {
			isa = PBXFrameworksBuildPhase;
			buildActionMask = 2147483647;
			files = (
			);
			runOnlyForDeploymentPostprocessing = 0;
		};
		5BA743562D98D27900055877 /* Frameworks */ = {
			isa = PBXFrameworksBuildPhase;
			buildActionMask = 2147483647;
			files = (
			);
			runOnlyForDeploymentPostprocessing = 0;
		};
		5BA743602D98D27900055877 /* Frameworks */ = {
			isa = PBXFrameworksBuildPhase;
			buildActionMask = 2147483647;
			files = (
			);
			runOnlyForDeploymentPostprocessing = 0;
		};
		F751BD222D50049D00EDB703 /* Frameworks */ = {
			isa = PBXFrameworksBuildPhase;
			buildActionMask = 2147483647;
			files = (
				F71261692D5405C000F65745 /* ChatGPTSwift in Frameworks */,
				5724A44D2D64E87F0012A6F2 /* FirebaseCore in Frameworks */,
				5724A4492D64E87F0012A6F2 /* FirebaseAuth in Frameworks */,
				F731D16D2D80AAD900356CCE /* FirebaseFunctions in Frameworks */,
				5B27A50C2D5AB30600327B51 /* WatchConnectivity.framework in Frameworks */,
				5724A4512D64E87F0012A6F2 /* FirebaseStorage in Frameworks */,
				5724A44B2D64E87F0012A6F2 /* FirebaseAuthCombine-Community in Frameworks */,
				5724A44F2D64E87F0012A6F2 /* FirebaseFirestore in Frameworks */,
			);
			runOnlyForDeploymentPostprocessing = 0;
		};
		F751BD322D50049F00EDB703 /* Frameworks */ = {
			isa = PBXFrameworksBuildPhase;
			buildActionMask = 2147483647;
			files = (
			);
			runOnlyForDeploymentPostprocessing = 0;
		};
		F751BD3C2D50049F00EDB703 /* Frameworks */ = {
			isa = PBXFrameworksBuildPhase;
			buildActionMask = 2147483647;
			files = (
			);
			runOnlyForDeploymentPostprocessing = 0;
		};
/* End PBXFrameworksBuildPhase section */

/* Begin PBXGroup section */
		5B27A50A2D5AB30600327B51 /* Frameworks */ = {
			isa = PBXGroup;
			children = (
				5B27A50B2D5AB30600327B51 /* WatchConnectivity.framework */,
			);
			name = Frameworks;
			sourceTree = "<group>";
		};
		F751BD1C2D50049D00EDB703 = {
			isa = PBXGroup;
			children = (
				F751BD272D50049D00EDB703 /* Keepsake */,
				F751BD382D50049F00EDB703 /* KeepsakeTests */,
				F751BD422D50049F00EDB703 /* KeepsakeUITests */,
				5BA7434B2D98D27700055877 /* KeepsakeWatchOS Watch App */,
				5BA7435C2D98D27900055877 /* KeepsakeWatchOS Watch AppTests */,
				5BA743662D98D27900055877 /* KeepsakeWatchOS Watch AppUITests */,
				5B27A50A2D5AB30600327B51 /* Frameworks */,
				F751BD262D50049D00EDB703 /* Products */,
			);
			sourceTree = "<group>";
		};
		F751BD262D50049D00EDB703 /* Products */ = {
			isa = PBXGroup;
			children = (
				F751BD252D50049D00EDB703 /* Keepsake.app */,
				F751BD352D50049F00EDB703 /* KeepsakeTests.xctest */,
				F751BD3F2D50049F00EDB703 /* KeepsakeUITests.xctest */,
				5BA7434A2D98D27700055877 /* KeepsakeWatchOS Watch App.app */,
				5BA743592D98D27900055877 /* KeepsakeWatchOS Watch AppTests.xctest */,
				5BA743632D98D27900055877 /* KeepsakeWatchOS Watch AppUITests.xctest */,
			);
			name = Products;
			sourceTree = "<group>";
		};
/* End PBXGroup section */

/* Begin PBXNativeTarget section */
		5BA743492D98D27700055877 /* KeepsakeWatchOS Watch App */ = {
			isa = PBXNativeTarget;
			buildConfigurationList = 5BA743742D98D27900055877 /* Build configuration list for PBXNativeTarget "KeepsakeWatchOS Watch App" */;
			buildPhases = (
				5BA743462D98D27700055877 /* Sources */,
				5BA743472D98D27700055877 /* Frameworks */,
				5BA743482D98D27700055877 /* Resources */,
			);
			buildRules = (
			);
			dependencies = (
			);
			fileSystemSynchronizedGroups = (
				5BA7434B2D98D27700055877 /* KeepsakeWatchOS Watch App */,
			);
			name = "KeepsakeWatchOS Watch App";
			packageProductDependencies = (
			);
			productName = "KeepsakeWatchOS Watch App";
			productReference = 5BA7434A2D98D27700055877 /* KeepsakeWatchOS Watch App.app */;
			productType = "com.apple.product-type.application";
		};
		5BA743582D98D27900055877 /* KeepsakeWatchOS Watch AppTests */ = {
			isa = PBXNativeTarget;
			buildConfigurationList = 5BA743752D98D27900055877 /* Build configuration list for PBXNativeTarget "KeepsakeWatchOS Watch AppTests" */;
			buildPhases = (
				5BA743552D98D27900055877 /* Sources */,
				5BA743562D98D27900055877 /* Frameworks */,
				5BA743572D98D27900055877 /* Resources */,
			);
			buildRules = (
			);
			dependencies = (
				5BA7435B2D98D27900055877 /* PBXTargetDependency */,
			);
			fileSystemSynchronizedGroups = (
				5BA7435C2D98D27900055877 /* KeepsakeWatchOS Watch AppTests */,
			);
			name = "KeepsakeWatchOS Watch AppTests";
			packageProductDependencies = (
			);
			productName = "KeepsakeWatchOS Watch AppTests";
			productReference = 5BA743592D98D27900055877 /* KeepsakeWatchOS Watch AppTests.xctest */;
			productType = "com.apple.product-type.bundle.unit-test";
		};
		5BA743622D98D27900055877 /* KeepsakeWatchOS Watch AppUITests */ = {
			isa = PBXNativeTarget;
			buildConfigurationList = 5BA743762D98D27900055877 /* Build configuration list for PBXNativeTarget "KeepsakeWatchOS Watch AppUITests" */;
			buildPhases = (
				5BA7435F2D98D27900055877 /* Sources */,
				5BA743602D98D27900055877 /* Frameworks */,
				5BA743612D98D27900055877 /* Resources */,
			);
			buildRules = (
			);
			dependencies = (
				5BA743652D98D27900055877 /* PBXTargetDependency */,
			);
			fileSystemSynchronizedGroups = (
				5BA743662D98D27900055877 /* KeepsakeWatchOS Watch AppUITests */,
			);
			name = "KeepsakeWatchOS Watch AppUITests";
			packageProductDependencies = (
			);
			productName = "KeepsakeWatchOS Watch AppUITests";
			productReference = 5BA743632D98D27900055877 /* KeepsakeWatchOS Watch AppUITests.xctest */;
			productType = "com.apple.product-type.bundle.ui-testing";
		};
		F751BD242D50049D00EDB703 /* Keepsake */ = {
			isa = PBXNativeTarget;
			buildConfigurationList = F751BD492D50049F00EDB703 /* Build configuration list for PBXNativeTarget "Keepsake" */;
			buildPhases = (
				F751BD212D50049D00EDB703 /* Sources */,
				F751BD222D50049D00EDB703 /* Frameworks */,
				F751BD232D50049D00EDB703 /* Resources */,
				5B27A5382D5AB33500327B51 /* Embed Watch Content */,
			);
			buildRules = (
			);
			dependencies = (
				5BA7436C2D98D27900055877 /* PBXTargetDependency */,
			);
			fileSystemSynchronizedGroups = (
				F751BD272D50049D00EDB703 /* Keepsake */,
			);
			name = Keepsake;
			packageProductDependencies = (
				F71261682D5405C000F65745 /* ChatGPTSwift */,
				5724A4482D64E87F0012A6F2 /* FirebaseAuth */,
				5724A44A2D64E87F0012A6F2 /* FirebaseAuthCombine-Community */,
				5724A44C2D64E87F0012A6F2 /* FirebaseCore */,
				5724A44E2D64E87F0012A6F2 /* FirebaseFirestore */,
				5724A4502D64E87F0012A6F2 /* FirebaseStorage */,
				F731D16C2D80AAD900356CCE /* FirebaseFunctions */,
			);
			productName = Keepsake;
			productReference = F751BD252D50049D00EDB703 /* Keepsake.app */;
			productType = "com.apple.product-type.application";
		};
		F751BD342D50049F00EDB703 /* KeepsakeTests */ = {
			isa = PBXNativeTarget;
			buildConfigurationList = F751BD4C2D50049F00EDB703 /* Build configuration list for PBXNativeTarget "KeepsakeTests" */;
			buildPhases = (
				F751BD312D50049F00EDB703 /* Sources */,
				F751BD322D50049F00EDB703 /* Frameworks */,
				F751BD332D50049F00EDB703 /* Resources */,
			);
			buildRules = (
			);
			dependencies = (
				F751BD372D50049F00EDB703 /* PBXTargetDependency */,
			);
			fileSystemSynchronizedGroups = (
				F751BD382D50049F00EDB703 /* KeepsakeTests */,
			);
			name = KeepsakeTests;
			packageProductDependencies = (
			);
			productName = KeepsakeTests;
			productReference = F751BD352D50049F00EDB703 /* KeepsakeTests.xctest */;
			productType = "com.apple.product-type.bundle.unit-test";
		};
		F751BD3E2D50049F00EDB703 /* KeepsakeUITests */ = {
			isa = PBXNativeTarget;
			buildConfigurationList = F751BD4F2D50049F00EDB703 /* Build configuration list for PBXNativeTarget "KeepsakeUITests" */;
			buildPhases = (
				F751BD3B2D50049F00EDB703 /* Sources */,
				F751BD3C2D50049F00EDB703 /* Frameworks */,
				F751BD3D2D50049F00EDB703 /* Resources */,
			);
			buildRules = (
			);
			dependencies = (
				F751BD412D50049F00EDB703 /* PBXTargetDependency */,
			);
			fileSystemSynchronizedGroups = (
				F751BD422D50049F00EDB703 /* KeepsakeUITests */,
			);
			name = KeepsakeUITests;
			packageProductDependencies = (
			);
			productName = KeepsakeUITests;
			productReference = F751BD3F2D50049F00EDB703 /* KeepsakeUITests.xctest */;
			productType = "com.apple.product-type.bundle.ui-testing";
		};
/* End PBXNativeTarget section */

/* Begin PBXProject section */
		F751BD1D2D50049D00EDB703 /* Project object */ = {
			isa = PBXProject;
			attributes = {
				BuildIndependentTargetsInParallel = 1;
				LastSwiftUpdateCheck = 1600;
				LastUpgradeCheck = 1620;
				TargetAttributes = {
					5BA743492D98D27700055877 = {
						CreatedOnToolsVersion = 16.0;
					};
					5BA743582D98D27900055877 = {
						CreatedOnToolsVersion = 16.0;
						TestTargetID = 5BA743492D98D27700055877;
					};
					5BA743622D98D27900055877 = {
						CreatedOnToolsVersion = 16.0;
						TestTargetID = 5BA743492D98D27700055877;
					};
					F751BD242D50049D00EDB703 = {
						CreatedOnToolsVersion = 16.2;
					};
					F751BD342D50049F00EDB703 = {
						CreatedOnToolsVersion = 16.2;
						TestTargetID = F751BD242D50049D00EDB703;
					};
					F751BD3E2D50049F00EDB703 = {
						CreatedOnToolsVersion = 16.2;
						TestTargetID = F751BD242D50049D00EDB703;
					};
				};
			};
			buildConfigurationList = F751BD202D50049D00EDB703 /* Build configuration list for PBXProject "Keepsake" */;
			developmentRegion = en;
			hasScannedForEncodings = 0;
			knownRegions = (
				en,
				Base,
			);
			mainGroup = F751BD1C2D50049D00EDB703;
			minimizedProjectReferenceProxies = 1;
			packageReferences = (
				F71261672D5405C000F65745 /* XCRemoteSwiftPackageReference "ChatGPTSwift" */,
				5724A4472D64E87F0012A6F2 /* XCRemoteSwiftPackageReference "firebase-ios-sdk" */,
			);
			preferredProjectObjectVersion = 77;
			productRefGroup = F751BD262D50049D00EDB703 /* Products */;
			projectDirPath = "";
			projectRoot = "";
			targets = (
				F751BD242D50049D00EDB703 /* Keepsake */,
				F751BD342D50049F00EDB703 /* KeepsakeTests */,
				F751BD3E2D50049F00EDB703 /* KeepsakeUITests */,
				5BA743492D98D27700055877 /* KeepsakeWatchOS Watch App */,
				5BA743582D98D27900055877 /* KeepsakeWatchOS Watch AppTests */,
				5BA743622D98D27900055877 /* KeepsakeWatchOS Watch AppUITests */,
			);
		};
/* End PBXProject section */

/* Begin PBXResourcesBuildPhase section */
		5BA743482D98D27700055877 /* Resources */ = {
			isa = PBXResourcesBuildPhase;
			buildActionMask = 2147483647;
			files = (
			);
			runOnlyForDeploymentPostprocessing = 0;
		};
		5BA743572D98D27900055877 /* Resources */ = {
			isa = PBXResourcesBuildPhase;
			buildActionMask = 2147483647;
			files = (
			);
			runOnlyForDeploymentPostprocessing = 0;
		};
		5BA743612D98D27900055877 /* Resources */ = {
			isa = PBXResourcesBuildPhase;
			buildActionMask = 2147483647;
			files = (
			);
			runOnlyForDeploymentPostprocessing = 0;
		};
		F751BD232D50049D00EDB703 /* Resources */ = {
			isa = PBXResourcesBuildPhase;
			buildActionMask = 2147483647;
			files = (
			);
			runOnlyForDeploymentPostprocessing = 0;
		};
		F751BD332D50049F00EDB703 /* Resources */ = {
			isa = PBXResourcesBuildPhase;
			buildActionMask = 2147483647;
			files = (
			);
			runOnlyForDeploymentPostprocessing = 0;
		};
		F751BD3D2D50049F00EDB703 /* Resources */ = {
			isa = PBXResourcesBuildPhase;
			buildActionMask = 2147483647;
			files = (
			);
			runOnlyForDeploymentPostprocessing = 0;
		};
/* End PBXResourcesBuildPhase section */

/* Begin PBXSourcesBuildPhase section */
		5BA743462D98D27700055877 /* Sources */ = {
			isa = PBXSourcesBuildPhase;
			buildActionMask = 2147483647;
			files = (
			);
			runOnlyForDeploymentPostprocessing = 0;
		};
		5BA743552D98D27900055877 /* Sources */ = {
			isa = PBXSourcesBuildPhase;
			buildActionMask = 2147483647;
			files = (
			);
			runOnlyForDeploymentPostprocessing = 0;
		};
		5BA7435F2D98D27900055877 /* Sources */ = {
			isa = PBXSourcesBuildPhase;
			buildActionMask = 2147483647;
			files = (
			);
			runOnlyForDeploymentPostprocessing = 0;
		};
		F751BD212D50049D00EDB703 /* Sources */ = {
			isa = PBXSourcesBuildPhase;
			buildActionMask = 2147483647;
			files = (
			);
			runOnlyForDeploymentPostprocessing = 0;
		};
		F751BD312D50049F00EDB703 /* Sources */ = {
			isa = PBXSourcesBuildPhase;
			buildActionMask = 2147483647;
			files = (
			);
			runOnlyForDeploymentPostprocessing = 0;
		};
		F751BD3B2D50049F00EDB703 /* Sources */ = {
			isa = PBXSourcesBuildPhase;
			buildActionMask = 2147483647;
			files = (
			);
			runOnlyForDeploymentPostprocessing = 0;
		};
/* End PBXSourcesBuildPhase section */

/* Begin PBXTargetDependency section */
		5BA7435B2D98D27900055877 /* PBXTargetDependency */ = {
			isa = PBXTargetDependency;
			target = 5BA743492D98D27700055877 /* KeepsakeWatchOS Watch App */;
			targetProxy = 5BA7435A2D98D27900055877 /* PBXContainerItemProxy */;
		};
		5BA743652D98D27900055877 /* PBXTargetDependency */ = {
			isa = PBXTargetDependency;
			target = 5BA743492D98D27700055877 /* KeepsakeWatchOS Watch App */;
			targetProxy = 5BA743642D98D27900055877 /* PBXContainerItemProxy */;
		};
		5BA7436C2D98D27900055877 /* PBXTargetDependency */ = {
			isa = PBXTargetDependency;
			target = 5BA743492D98D27700055877 /* KeepsakeWatchOS Watch App */;
			targetProxy = 5BA7436B2D98D27900055877 /* PBXContainerItemProxy */;
		};
		F751BD372D50049F00EDB703 /* PBXTargetDependency */ = {
			isa = PBXTargetDependency;
			target = F751BD242D50049D00EDB703 /* Keepsake */;
			targetProxy = F751BD362D50049F00EDB703 /* PBXContainerItemProxy */;
		};
		F751BD412D50049F00EDB703 /* PBXTargetDependency */ = {
			isa = PBXTargetDependency;
			target = F751BD242D50049D00EDB703 /* Keepsake */;
			targetProxy = F751BD402D50049F00EDB703 /* PBXContainerItemProxy */;
		};
/* End PBXTargetDependency section */

/* Begin XCBuildConfiguration section */
		5BA7436E2D98D27900055877 /* Debug */ = {
			isa = XCBuildConfiguration;
			buildSettings = {
				ASSETCATALOG_COMPILER_APPICON_NAME = AppIcon;
				ASSETCATALOG_COMPILER_GLOBAL_ACCENT_COLOR_NAME = AccentColor;
				CODE_SIGN_STYLE = Automatic;
				CURRENT_PROJECT_VERSION = 1;
				DEVELOPMENT_ASSET_PATHS = "\"KeepsakeWatchOS Watch App/Preview Content\"";
				DEVELOPMENT_TEAM = TL893ZWF55;
				ENABLE_PREVIEWS = YES;
				GENERATE_INFOPLIST_FILE = YES;
				INFOPLIST_KEY_CFBundleDisplayName = KeepsakeWatchOS;
				INFOPLIST_KEY_UISupportedInterfaceOrientations = "UIInterfaceOrientationPortrait UIInterfaceOrientationPortraitUpsideDown";
				INFOPLIST_KEY_WKCompanionAppBundleIdentifier = com.app.rik.Keepsake;
				LD_RUNPATH_SEARCH_PATHS = (
					"$(inherited)",
					"@executable_path/Frameworks",
				);
				MARKETING_VERSION = 1.0;
				PRODUCT_BUNDLE_IDENTIFIER = com.app.rik.Keepsake.watch;
				PRODUCT_NAME = "$(TARGET_NAME)";
				SDKROOT = watchos;
				SKIP_INSTALL = YES;
				SWIFT_EMIT_LOC_STRINGS = YES;
				SWIFT_VERSION = 5.0;
				TARGETED_DEVICE_FAMILY = 4;
				WATCHOS_DEPLOYMENT_TARGET = 9.0;
			};
			name = Debug;
		};
		5BA7436F2D98D27900055877 /* Release */ = {
			isa = XCBuildConfiguration;
			buildSettings = {
				ASSETCATALOG_COMPILER_APPICON_NAME = AppIcon;
				ASSETCATALOG_COMPILER_GLOBAL_ACCENT_COLOR_NAME = AccentColor;
				CODE_SIGN_STYLE = Automatic;
				CURRENT_PROJECT_VERSION = 1;
				DEVELOPMENT_ASSET_PATHS = "\"KeepsakeWatchOS Watch App/Preview Content\"";
				DEVELOPMENT_TEAM = TL893ZWF55;
				ENABLE_PREVIEWS = YES;
				GENERATE_INFOPLIST_FILE = YES;
				INFOPLIST_KEY_CFBundleDisplayName = KeepsakeWatchOS;
				INFOPLIST_KEY_UISupportedInterfaceOrientations = "UIInterfaceOrientationPortrait UIInterfaceOrientationPortraitUpsideDown";
				INFOPLIST_KEY_WKCompanionAppBundleIdentifier = com.app.rik.Keepsake;
				LD_RUNPATH_SEARCH_PATHS = (
					"$(inherited)",
					"@executable_path/Frameworks",
				);
				MARKETING_VERSION = 1.0;
				PRODUCT_BUNDLE_IDENTIFIER = com.app.rik.Keepsake.watch;
				PRODUCT_NAME = "$(TARGET_NAME)";
				SDKROOT = watchos;
				SKIP_INSTALL = YES;
				SWIFT_EMIT_LOC_STRINGS = YES;
				SWIFT_VERSION = 5.0;
				TARGETED_DEVICE_FAMILY = 4;
				WATCHOS_DEPLOYMENT_TARGET = 9.0;
			};
			name = Release;
		};
		5BA743702D98D27900055877 /* Debug */ = {
			isa = XCBuildConfiguration;
			buildSettings = {
				BUNDLE_LOADER = "$(TEST_HOST)";
				CODE_SIGN_STYLE = Automatic;
				CURRENT_PROJECT_VERSION = 1;
				DEVELOPMENT_TEAM = 3SHQKFKHL9;
				GENERATE_INFOPLIST_FILE = YES;
				MARKETING_VERSION = 1.0;
				PRODUCT_BUNDLE_IDENTIFIER = "nityapotti.KeepsakeWatchOS-Watch-AppTests";
				PRODUCT_NAME = "$(TARGET_NAME)";
				SDKROOT = watchos;
				SWIFT_EMIT_LOC_STRINGS = NO;
				SWIFT_VERSION = 5.0;
				TARGETED_DEVICE_FAMILY = 4;
				TEST_HOST = "$(BUILT_PRODUCTS_DIR)/KeepsakeWatchOS Watch App.app/$(BUNDLE_EXECUTABLE_FOLDER_PATH)/KeepsakeWatchOS Watch App";
				WATCHOS_DEPLOYMENT_TARGET = 11.0;
			};
			name = Debug;
		};
		5BA743712D98D27900055877 /* Release */ = {
			isa = XCBuildConfiguration;
			buildSettings = {
				BUNDLE_LOADER = "$(TEST_HOST)";
				CODE_SIGN_STYLE = Automatic;
				CURRENT_PROJECT_VERSION = 1;
				DEVELOPMENT_TEAM = 3SHQKFKHL9;
				GENERATE_INFOPLIST_FILE = YES;
				MARKETING_VERSION = 1.0;
				PRODUCT_BUNDLE_IDENTIFIER = "nityapotti.KeepsakeWatchOS-Watch-AppTests";
				PRODUCT_NAME = "$(TARGET_NAME)";
				SDKROOT = watchos;
				SWIFT_EMIT_LOC_STRINGS = NO;
				SWIFT_VERSION = 5.0;
				TARGETED_DEVICE_FAMILY = 4;
				TEST_HOST = "$(BUILT_PRODUCTS_DIR)/KeepsakeWatchOS Watch App.app/$(BUNDLE_EXECUTABLE_FOLDER_PATH)/KeepsakeWatchOS Watch App";
				WATCHOS_DEPLOYMENT_TARGET = 11.0;
			};
			name = Release;
		};
		5BA743722D98D27900055877 /* Debug */ = {
			isa = XCBuildConfiguration;
			buildSettings = {
				CODE_SIGN_STYLE = Automatic;
				CURRENT_PROJECT_VERSION = 1;
				DEVELOPMENT_TEAM = 5VM646AGC4;
				GENERATE_INFOPLIST_FILE = YES;
				MARKETING_VERSION = 1.0;
				PRODUCT_BUNDLE_IDENTIFIER = "nityapotti.KeepsakeWatchOS-Watch-AppUITests";
				PRODUCT_NAME = "$(TARGET_NAME)";
				SDKROOT = watchos;
				SWIFT_EMIT_LOC_STRINGS = NO;
				SWIFT_VERSION = 5.0;
				TARGETED_DEVICE_FAMILY = 4;
				TEST_TARGET_NAME = "KeepsakeWatchOS Watch App";
				WATCHOS_DEPLOYMENT_TARGET = 11.0;
			};
			name = Debug;
		};
		5BA743732D98D27900055877 /* Release */ = {
			isa = XCBuildConfiguration;
			buildSettings = {
				CODE_SIGN_STYLE = Automatic;
				CURRENT_PROJECT_VERSION = 1;
				DEVELOPMENT_TEAM = 5VM646AGC4;
				GENERATE_INFOPLIST_FILE = YES;
				MARKETING_VERSION = 1.0;
				PRODUCT_BUNDLE_IDENTIFIER = "nityapotti.KeepsakeWatchOS-Watch-AppUITests";
				PRODUCT_NAME = "$(TARGET_NAME)";
				SDKROOT = watchos;
				SWIFT_EMIT_LOC_STRINGS = NO;
				SWIFT_VERSION = 5.0;
				TARGETED_DEVICE_FAMILY = 4;
				TEST_TARGET_NAME = "KeepsakeWatchOS Watch App";
				WATCHOS_DEPLOYMENT_TARGET = 11.0;
			};
			name = Release;
		};
		F751BD472D50049F00EDB703 /* Debug */ = {
			isa = XCBuildConfiguration;
			buildSettings = {
				ALWAYS_SEARCH_USER_PATHS = NO;
				ASSETCATALOG_COMPILER_GENERATE_SWIFT_ASSET_SYMBOL_EXTENSIONS = YES;
				CLANG_ANALYZER_NONNULL = YES;
				CLANG_ANALYZER_NUMBER_OBJECT_CONVERSION = YES_AGGRESSIVE;
				CLANG_CXX_LANGUAGE_STANDARD = "gnu++20";
				CLANG_ENABLE_MODULES = YES;
				CLANG_ENABLE_OBJC_ARC = YES;
				CLANG_ENABLE_OBJC_WEAK = YES;
				CLANG_WARN_BLOCK_CAPTURE_AUTORELEASING = YES;
				CLANG_WARN_BOOL_CONVERSION = YES;
				CLANG_WARN_COMMA = YES;
				CLANG_WARN_CONSTANT_CONVERSION = YES;
				CLANG_WARN_DEPRECATED_OBJC_IMPLEMENTATIONS = YES;
				CLANG_WARN_DIRECT_OBJC_ISA_USAGE = YES_ERROR;
				CLANG_WARN_DOCUMENTATION_COMMENTS = YES;
				CLANG_WARN_EMPTY_BODY = YES;
				CLANG_WARN_ENUM_CONVERSION = YES;
				CLANG_WARN_INFINITE_RECURSION = YES;
				CLANG_WARN_INT_CONVERSION = YES;
				CLANG_WARN_NON_LITERAL_NULL_CONVERSION = YES;
				CLANG_WARN_OBJC_IMPLICIT_RETAIN_SELF = YES;
				CLANG_WARN_OBJC_LITERAL_CONVERSION = YES;
				CLANG_WARN_OBJC_ROOT_CLASS = YES_ERROR;
				CLANG_WARN_QUOTED_INCLUDE_IN_FRAMEWORK_HEADER = YES;
				CLANG_WARN_RANGE_LOOP_ANALYSIS = YES;
				CLANG_WARN_STRICT_PROTOTYPES = YES;
				CLANG_WARN_SUSPICIOUS_MOVE = YES;
				CLANG_WARN_UNGUARDED_AVAILABILITY = YES_AGGRESSIVE;
				CLANG_WARN_UNREACHABLE_CODE = YES;
				CLANG_WARN__DUPLICATE_METHOD_MATCH = YES;
				COPY_PHASE_STRIP = NO;
				DEBUG_INFORMATION_FORMAT = dwarf;
				ENABLE_STRICT_OBJC_MSGSEND = YES;
				ENABLE_TESTABILITY = YES;
				ENABLE_USER_SCRIPT_SANDBOXING = YES;
				GCC_C_LANGUAGE_STANDARD = gnu17;
				GCC_DYNAMIC_NO_PIC = NO;
				GCC_NO_COMMON_BLOCKS = YES;
				GCC_OPTIMIZATION_LEVEL = 0;
				GCC_PREPROCESSOR_DEFINITIONS = (
					"DEBUG=1",
					"$(inherited)",
				);
				GCC_WARN_64_TO_32_BIT_CONVERSION = YES;
				GCC_WARN_ABOUT_RETURN_TYPE = YES_ERROR;
				GCC_WARN_UNDECLARED_SELECTOR = YES;
				GCC_WARN_UNINITIALIZED_AUTOS = YES_AGGRESSIVE;
				GCC_WARN_UNUSED_FUNCTION = YES;
				GCC_WARN_UNUSED_VARIABLE = YES;
				IPHONEOS_DEPLOYMENT_TARGET = 18.2;
				LOCALIZATION_PREFERS_STRING_CATALOGS = YES;
				MTL_ENABLE_DEBUG_INFO = INCLUDE_SOURCE;
				MTL_FAST_MATH = YES;
				ONLY_ACTIVE_ARCH = YES;
				SDKROOT = iphoneos;
				SWIFT_ACTIVE_COMPILATION_CONDITIONS = "DEBUG $(inherited)";
				SWIFT_OPTIMIZATION_LEVEL = "-Onone";
			};
			name = Debug;
		};
		F751BD482D50049F00EDB703 /* Release */ = {
			isa = XCBuildConfiguration;
			buildSettings = {
				ALWAYS_SEARCH_USER_PATHS = NO;
				ASSETCATALOG_COMPILER_GENERATE_SWIFT_ASSET_SYMBOL_EXTENSIONS = YES;
				CLANG_ANALYZER_NONNULL = YES;
				CLANG_ANALYZER_NUMBER_OBJECT_CONVERSION = YES_AGGRESSIVE;
				CLANG_CXX_LANGUAGE_STANDARD = "gnu++20";
				CLANG_ENABLE_MODULES = YES;
				CLANG_ENABLE_OBJC_ARC = YES;
				CLANG_ENABLE_OBJC_WEAK = YES;
				CLANG_WARN_BLOCK_CAPTURE_AUTORELEASING = YES;
				CLANG_WARN_BOOL_CONVERSION = YES;
				CLANG_WARN_COMMA = YES;
				CLANG_WARN_CONSTANT_CONVERSION = YES;
				CLANG_WARN_DEPRECATED_OBJC_IMPLEMENTATIONS = YES;
				CLANG_WARN_DIRECT_OBJC_ISA_USAGE = YES_ERROR;
				CLANG_WARN_DOCUMENTATION_COMMENTS = YES;
				CLANG_WARN_EMPTY_BODY = YES;
				CLANG_WARN_ENUM_CONVERSION = YES;
				CLANG_WARN_INFINITE_RECURSION = YES;
				CLANG_WARN_INT_CONVERSION = YES;
				CLANG_WARN_NON_LITERAL_NULL_CONVERSION = YES;
				CLANG_WARN_OBJC_IMPLICIT_RETAIN_SELF = YES;
				CLANG_WARN_OBJC_LITERAL_CONVERSION = YES;
				CLANG_WARN_OBJC_ROOT_CLASS = YES_ERROR;
				CLANG_WARN_QUOTED_INCLUDE_IN_FRAMEWORK_HEADER = YES;
				CLANG_WARN_RANGE_LOOP_ANALYSIS = YES;
				CLANG_WARN_STRICT_PROTOTYPES = YES;
				CLANG_WARN_SUSPICIOUS_MOVE = YES;
				CLANG_WARN_UNGUARDED_AVAILABILITY = YES_AGGRESSIVE;
				CLANG_WARN_UNREACHABLE_CODE = YES;
				CLANG_WARN__DUPLICATE_METHOD_MATCH = YES;
				COPY_PHASE_STRIP = NO;
				DEBUG_INFORMATION_FORMAT = "dwarf-with-dsym";
				ENABLE_NS_ASSERTIONS = NO;
				ENABLE_STRICT_OBJC_MSGSEND = YES;
				ENABLE_USER_SCRIPT_SANDBOXING = YES;
				GCC_C_LANGUAGE_STANDARD = gnu17;
				GCC_NO_COMMON_BLOCKS = YES;
				GCC_WARN_64_TO_32_BIT_CONVERSION = YES;
				GCC_WARN_ABOUT_RETURN_TYPE = YES_ERROR;
				GCC_WARN_UNDECLARED_SELECTOR = YES;
				GCC_WARN_UNINITIALIZED_AUTOS = YES_AGGRESSIVE;
				GCC_WARN_UNUSED_FUNCTION = YES;
				GCC_WARN_UNUSED_VARIABLE = YES;
				IPHONEOS_DEPLOYMENT_TARGET = 18.2;
				LOCALIZATION_PREFERS_STRING_CATALOGS = YES;
				MTL_ENABLE_DEBUG_INFO = NO;
				MTL_FAST_MATH = YES;
				SDKROOT = iphoneos;
				SWIFT_COMPILATION_MODE = wholemodule;
				VALIDATE_PRODUCT = YES;
			};
			name = Release;
		};
		F751BD4A2D50049F00EDB703 /* Debug */ = {
			isa = XCBuildConfiguration;
			buildSettings = {
				ASSETCATALOG_COMPILER_APPICON_NAME = AppIcon;
				ASSETCATALOG_COMPILER_GLOBAL_ACCENT_COLOR_NAME = AccentColor;
				ASSETCATALOG_COMPILER_INCLUDE_ALL_APPICON_ASSETS = YES;
				CODE_SIGN_STYLE = Automatic;
				CURRENT_PROJECT_VERSION = 1;
				DEVELOPMENT_ASSET_PATHS = "\"Keepsake/Preview Content\"";
				DEVELOPMENT_TEAM = TL893ZWF55;
				ENABLE_PREVIEWS = YES;
				GENERATE_INFOPLIST_FILE = YES;
				INFOPLIST_FILE = Keepsake/Info.plist;
				INFOPLIST_KEY_NSBluetoothAlwaysUsageDescription = "This app uses bluetooth to discover nearby devices";
				INFOPLIST_KEY_NSBluetoothPeripheralUsageDescription = "This app uses bluetooth to discover nearby devices";
				INFOPLIST_KEY_NSCameraUsageDescription = "This app requires camera access";
				INFOPLIST_KEY_NSLocalNetworkUsageDescription = "This app uses the local network to discover nearby devices";
				INFOPLIST_KEY_NSMicrophoneUsageDescription = "";
				INFOPLIST_KEY_NSSpeechRecognitionUsageDescription = "";
				INFOPLIST_KEY_UIApplicationSceneManifest_Generation = YES;
				INFOPLIST_KEY_UIApplicationSupportsIndirectInputEvents = YES;
				INFOPLIST_KEY_UILaunchScreen_Generation = YES;
				INFOPLIST_KEY_UISupportedInterfaceOrientations_iPad = "UIInterfaceOrientationPortrait UIInterfaceOrientationPortraitUpsideDown UIInterfaceOrientationLandscapeLeft UIInterfaceOrientationLandscapeRight";
				INFOPLIST_KEY_UISupportedInterfaceOrientations_iPhone = "UIInterfaceOrientationPortrait UIInterfaceOrientationLandscapeLeft UIInterfaceOrientationLandscapeRight";
				IPHONEOS_DEPLOYMENT_TARGET = 18.0;
				LD_RUNPATH_SEARCH_PATHS = (
					"$(inherited)",
					"@executable_path/Frameworks",
				);
				MARKETING_VERSION = 1.0;
				PRODUCT_BUNDLE_IDENTIFIER = com.app.rik.Keepsake;
				PRODUCT_NAME = "$(TARGET_NAME)";
				SWIFT_EMIT_LOC_STRINGS = YES;
				SWIFT_VERSION = 5.0;
				TARGETED_DEVICE_FAMILY = "1,2";
			};
			name = Debug;
		};
		F751BD4B2D50049F00EDB703 /* Release */ = {
			isa = XCBuildConfiguration;
			buildSettings = {
				ASSETCATALOG_COMPILER_APPICON_NAME = AppIcon;
				ASSETCATALOG_COMPILER_GLOBAL_ACCENT_COLOR_NAME = AccentColor;
				ASSETCATALOG_COMPILER_INCLUDE_ALL_APPICON_ASSETS = YES;
				CODE_SIGN_STYLE = Automatic;
				CURRENT_PROJECT_VERSION = 1;
				DEVELOPMENT_ASSET_PATHS = "\"Keepsake/Preview Content\"";
				DEVELOPMENT_TEAM = TL893ZWF55;
				ENABLE_PREVIEWS = YES;
				GENERATE_INFOPLIST_FILE = YES;
				INFOPLIST_FILE = Keepsake/Info.plist;
				INFOPLIST_KEY_NSBluetoothAlwaysUsageDescription = "This app uses bluetooth to discover nearby devices";
				INFOPLIST_KEY_NSBluetoothPeripheralUsageDescription = "This app uses bluetooth to discover nearby devices";
				INFOPLIST_KEY_NSCameraUsageDescription = "This app requires camera access";
				INFOPLIST_KEY_NSLocalNetworkUsageDescription = "This app uses the local network to discover nearby devices";
				INFOPLIST_KEY_NSMicrophoneUsageDescription = "";
				INFOPLIST_KEY_NSSpeechRecognitionUsageDescription = "";
				INFOPLIST_KEY_UIApplicationSceneManifest_Generation = YES;
				INFOPLIST_KEY_UIApplicationSupportsIndirectInputEvents = YES;
				INFOPLIST_KEY_UILaunchScreen_Generation = YES;
				INFOPLIST_KEY_UISupportedInterfaceOrientations_iPad = "UIInterfaceOrientationPortrait UIInterfaceOrientationPortraitUpsideDown UIInterfaceOrientationLandscapeLeft UIInterfaceOrientationLandscapeRight";
				INFOPLIST_KEY_UISupportedInterfaceOrientations_iPhone = "UIInterfaceOrientationPortrait UIInterfaceOrientationLandscapeLeft UIInterfaceOrientationLandscapeRight";
				IPHONEOS_DEPLOYMENT_TARGET = 18.0;
				LD_RUNPATH_SEARCH_PATHS = (
					"$(inherited)",
					"@executable_path/Frameworks",
				);
				MARKETING_VERSION = 1.0;
				PRODUCT_BUNDLE_IDENTIFIER = com.app.shlok.Keepsake;
				PRODUCT_NAME = "$(TARGET_NAME)";
				SWIFT_EMIT_LOC_STRINGS = YES;
				SWIFT_VERSION = 5.0;
				TARGETED_DEVICE_FAMILY = "1,2";
			};
			name = Release;
		};
		F751BD4D2D50049F00EDB703 /* Debug */ = {
			isa = XCBuildConfiguration;
			buildSettings = {
				BUNDLE_LOADER = "$(TEST_HOST)";
				"CODE_SIGN_IDENTITY[sdk=macosx*]" = "Apple Development";
				CODE_SIGN_STYLE = Automatic;
				CURRENT_PROJECT_VERSION = 1;
				DEVELOPMENT_TEAM = "";
				GENERATE_INFOPLIST_FILE = YES;
				IPHONEOS_DEPLOYMENT_TARGET = 18.0;
				MARKETING_VERSION = 1.0;
				PRODUCT_BUNDLE_IDENTIFIER = com.app.nityapotti.KeepsakeTests;
				PRODUCT_NAME = "$(TARGET_NAME)";
				SWIFT_EMIT_LOC_STRINGS = NO;
				SWIFT_VERSION = 5.0;
				TARGETED_DEVICE_FAMILY = "1,2";
				TEST_HOST = "$(BUILT_PRODUCTS_DIR)/Keepsake.app/$(BUNDLE_EXECUTABLE_FOLDER_PATH)/Keepsake";
			};
			name = Debug;
		};
		F751BD4E2D50049F00EDB703 /* Release */ = {
			isa = XCBuildConfiguration;
			buildSettings = {
				BUNDLE_LOADER = "$(TEST_HOST)";
				"CODE_SIGN_IDENTITY[sdk=macosx*]" = "Apple Development";
				CODE_SIGN_STYLE = Automatic;
				CURRENT_PROJECT_VERSION = 1;
				DEVELOPMENT_TEAM = "";
				GENERATE_INFOPLIST_FILE = YES;
				IPHONEOS_DEPLOYMENT_TARGET = 18.0;
				MARKETING_VERSION = 1.0;
				PRODUCT_BUNDLE_IDENTIFIER = com.app.nityapotti.KeepsakeTests;
				PRODUCT_NAME = "$(TARGET_NAME)";
				SWIFT_EMIT_LOC_STRINGS = NO;
				SWIFT_VERSION = 5.0;
				TARGETED_DEVICE_FAMILY = "1,2";
				TEST_HOST = "$(BUILT_PRODUCTS_DIR)/Keepsake.app/$(BUNDLE_EXECUTABLE_FOLDER_PATH)/Keepsake";
			};
			name = Release;
		};
		F751BD502D50049F00EDB703 /* Debug */ = {
			isa = XCBuildConfiguration;
			buildSettings = {
				CODE_SIGN_STYLE = Automatic;
				CURRENT_PROJECT_VERSION = 1;
				DEVELOPMENT_TEAM = JGZF4AAR4Q;
				GENERATE_INFOPLIST_FILE = YES;
				IPHONEOS_DEPLOYMENT_TARGET = 18.0;
				MARKETING_VERSION = 1.0;
				PRODUCT_BUNDLE_IDENTIFIER = com.app.nityapotti.KeepsakeUITests;
				PRODUCT_NAME = "$(TARGET_NAME)";
				SWIFT_EMIT_LOC_STRINGS = NO;
				SWIFT_VERSION = 5.0;
				TARGETED_DEVICE_FAMILY = "1,2";
				TEST_TARGET_NAME = Keepsake;
			};
			name = Debug;
		};
		F751BD512D50049F00EDB703 /* Release */ = {
			isa = XCBuildConfiguration;
			buildSettings = {
				CODE_SIGN_STYLE = Automatic;
				CURRENT_PROJECT_VERSION = 1;
				DEVELOPMENT_TEAM = JGZF4AAR4Q;
				GENERATE_INFOPLIST_FILE = YES;
				IPHONEOS_DEPLOYMENT_TARGET = 18.0;
				MARKETING_VERSION = 1.0;
				PRODUCT_BUNDLE_IDENTIFIER = com.app.nityapotti.KeepsakeUITests;
				PRODUCT_NAME = "$(TARGET_NAME)";
				SWIFT_EMIT_LOC_STRINGS = NO;
				SWIFT_VERSION = 5.0;
				TARGETED_DEVICE_FAMILY = "1,2";
				TEST_TARGET_NAME = Keepsake;
			};
			name = Release;
		};
/* End XCBuildConfiguration section */

/* Begin XCConfigurationList section */
		5BA743742D98D27900055877 /* Build configuration list for PBXNativeTarget "KeepsakeWatchOS Watch App" */ = {
			isa = XCConfigurationList;
			buildConfigurations = (
				5BA7436E2D98D27900055877 /* Debug */,
				5BA7436F2D98D27900055877 /* Release */,
			);
			defaultConfigurationIsVisible = 0;
			defaultConfigurationName = Release;
		};
		5BA743752D98D27900055877 /* Build configuration list for PBXNativeTarget "KeepsakeWatchOS Watch AppTests" */ = {
			isa = XCConfigurationList;
			buildConfigurations = (
				5BA743702D98D27900055877 /* Debug */,
				5BA743712D98D27900055877 /* Release */,
			);
			defaultConfigurationIsVisible = 0;
			defaultConfigurationName = Release;
		};
		5BA743762D98D27900055877 /* Build configuration list for PBXNativeTarget "KeepsakeWatchOS Watch AppUITests" */ = {
			isa = XCConfigurationList;
			buildConfigurations = (
				5BA743722D98D27900055877 /* Debug */,
				5BA743732D98D27900055877 /* Release */,
			);
			defaultConfigurationIsVisible = 0;
			defaultConfigurationName = Release;
		};
		F751BD202D50049D00EDB703 /* Build configuration list for PBXProject "Keepsake" */ = {
			isa = XCConfigurationList;
			buildConfigurations = (
				F751BD472D50049F00EDB703 /* Debug */,
				F751BD482D50049F00EDB703 /* Release */,
			);
			defaultConfigurationIsVisible = 0;
			defaultConfigurationName = Release;
		};
		F751BD492D50049F00EDB703 /* Build configuration list for PBXNativeTarget "Keepsake" */ = {
			isa = XCConfigurationList;
			buildConfigurations = (
				F751BD4A2D50049F00EDB703 /* Debug */,
				F751BD4B2D50049F00EDB703 /* Release */,
			);
			defaultConfigurationIsVisible = 0;
			defaultConfigurationName = Release;
		};
		F751BD4C2D50049F00EDB703 /* Build configuration list for PBXNativeTarget "KeepsakeTests" */ = {
			isa = XCConfigurationList;
			buildConfigurations = (
				F751BD4D2D50049F00EDB703 /* Debug */,
				F751BD4E2D50049F00EDB703 /* Release */,
			);
			defaultConfigurationIsVisible = 0;
			defaultConfigurationName = Release;
		};
		F751BD4F2D50049F00EDB703 /* Build configuration list for PBXNativeTarget "KeepsakeUITests" */ = {
			isa = XCConfigurationList;
			buildConfigurations = (
				F751BD502D50049F00EDB703 /* Debug */,
				F751BD512D50049F00EDB703 /* Release */,
			);
			defaultConfigurationIsVisible = 0;
			defaultConfigurationName = Release;
		};
/* End XCConfigurationList section */

/* Begin XCRemoteSwiftPackageReference section */
		5724A4472D64E87F0012A6F2 /* XCRemoteSwiftPackageReference "firebase-ios-sdk" */ = {
			isa = XCRemoteSwiftPackageReference;
			repositoryURL = "https://github.com/firebase/firebase-ios-sdk";
			requirement = {
				kind = upToNextMajorVersion;
				minimumVersion = 11.8.1;
			};
		};
		F71261672D5405C000F65745 /* XCRemoteSwiftPackageReference "ChatGPTSwift" */ = {
			isa = XCRemoteSwiftPackageReference;
			repositoryURL = "https://github.com/alfianlosari/ChatGPTSwift.git";
			requirement = {
				kind = upToNextMajorVersion;
				minimumVersion = 2.4.4;
			};
		};
/* End XCRemoteSwiftPackageReference section */

/* Begin XCSwiftPackageProductDependency section */
		5724A4482D64E87F0012A6F2 /* FirebaseAuth */ = {
			isa = XCSwiftPackageProductDependency;
			package = 5724A4472D64E87F0012A6F2 /* XCRemoteSwiftPackageReference "firebase-ios-sdk" */;
			productName = FirebaseAuth;
		};
		5724A44A2D64E87F0012A6F2 /* FirebaseAuthCombine-Community */ = {
			isa = XCSwiftPackageProductDependency;
			package = 5724A4472D64E87F0012A6F2 /* XCRemoteSwiftPackageReference "firebase-ios-sdk" */;
			productName = "FirebaseAuthCombine-Community";
		};
		5724A44C2D64E87F0012A6F2 /* FirebaseCore */ = {
			isa = XCSwiftPackageProductDependency;
			package = 5724A4472D64E87F0012A6F2 /* XCRemoteSwiftPackageReference "firebase-ios-sdk" */;
			productName = FirebaseCore;
		};
		5724A44E2D64E87F0012A6F2 /* FirebaseFirestore */ = {
			isa = XCSwiftPackageProductDependency;
			package = 5724A4472D64E87F0012A6F2 /* XCRemoteSwiftPackageReference "firebase-ios-sdk" */;
			productName = FirebaseFirestore;
		};
		5724A4502D64E87F0012A6F2 /* FirebaseStorage */ = {
			isa = XCSwiftPackageProductDependency;
			package = 5724A4472D64E87F0012A6F2 /* XCRemoteSwiftPackageReference "firebase-ios-sdk" */;
			productName = FirebaseStorage;
		};
		F71261682D5405C000F65745 /* ChatGPTSwift */ = {
			isa = XCSwiftPackageProductDependency;
			package = F71261672D5405C000F65745 /* XCRemoteSwiftPackageReference "ChatGPTSwift" */;
			productName = ChatGPTSwift;
		};
		F731D16C2D80AAD900356CCE /* FirebaseFunctions */ = {
			isa = XCSwiftPackageProductDependency;
			package = 5724A4472D64E87F0012A6F2 /* XCRemoteSwiftPackageReference "firebase-ios-sdk" */;
			productName = FirebaseFunctions;
		};
/* End XCSwiftPackageProductDependency section */
	};
	rootObject = F751BD1D2D50049D00EDB703 /* Project object */;
}
